{
  "name": "@harshkadam/zod-taskflo",
  "version": "1.0.4",
  "lockfileVersion": 3,
  "requires": true,
  "packages": {
    "": {
      "name": "@harshkadam/zod-taskflo",
      "version": "1.0.4",
      "license": "ISC",
      "dependencies": {
        "@harshkadam/zod-taskflo": "^1.0.4",
        "zod": "^3.24.2"
      }
    },
    "node_modules/@harshkadam/zod-taskflo": {
      "version": "1.0.4",
      "resolved": "https://registry.npmjs.org/@harshkadam/zod-taskflo/-/zod-taskflo-1.0.4.tgz",
      "integrity": "sha512-agA4IqIP7cg2TFYZsB9bSeS66gqaZgG1BxyAxmgo1cGEL9EJ+Ffc54Pg0nk58CL+1fq9/1SDYhXYEykNOtUdMw==",
      "license": "ISC",
      "dependencies": {
        "@harshkadam/zod-taskflo": "^1.0.2",
        "zod": "^3.24.2"
      }
    },
    "node_modules/zod": {
      "version": "3.24.2",
      "resolved": "https://registry.npmjs.org/zod/-/zod-3.24.2.tgz",
      "integrity": "sha512-lY7CDW43ECgW9u1TcT3IoXHflywfVqDYze4waEz812jR/bZ8FHDsl7pFQoSZTz5N+2NqRXs8GBwnAwo3ZNxqhQ==",
      "license": "MIT",
      "funding": {
        "url": "https://github.com/sponsors/colinhacks"
      }
    }
  }
}
